
Microsoft Visual Studio Solution File, Format Version 12.00
# Visual Studio Version 17
VisualStudioVersion = 17.9.34701.34
MinimumVisualStudioVersion = 10.0.40219.1
Project("{FAE04EC0-301F-11D3-BF4B-00C04F79EFBC}") = "OOP_Odev", "OOP_Odev.csproj", "{2FE1CE74-CE13-4EA5-B611-35B63CAF5162}"
EndProject
Global
	GlobalSection(SolutionConfigurationPlatforms) = preSolution
		Debug|Any CPU = Debug|Any CPU
		Release|Any CPU = Release|Any CPU
	EndGlobalSection
	GlobalSection(ProjectConfigurationPlatforms) = postSolution
		{2FE1CE74-CE13-4EA5-B611-35B63CAF5162}.Debug|Any CPU.ActiveCfg = Debug|Any CPU
		{2FE1CE74-CE13-4EA5-B611-35B63CAF5162}.Debug|Any CPU.Build.0 = Debug|Any CPU
		{2FE1CE74-CE13-4EA5-B611-35B63CAF5162}.Release|Any CPU.ActiveCfg = Release|Any CPU
		{2FE1CE74-CE13-4EA5-B611-35B63CAF5162}.Release|Any CPU.Build.0 = Release|Any CPU
	EndGlobalSection
	GlobalSection(SolutionProperties) = preSolution
		HideSolutionNode = FALSE
	EndGlobalSection
	GlobalSection(ExtensibilityGlobals) = postSolution
		SolutionGuid = {BCCCCCF4-2A4C-49D9-826E-6A611EC207B3}
	EndGlobalSection
EndGlobal
