
Microsoft Visual Studio Solution File, Format Version 12.00
# Visual Studio Version 17
VisualStudioVersion = 17.9.34701.34
MinimumVisualStudioVersion = 10.0.40219.1
Project("{FAE04EC0-301F-11D3-BF4B-00C04F79EFBC}") = "OOP2_Example2", "OOP2_Example2.csproj", "{EB585304-97A3-4D09-A032-7EDDF5D3A0BD}"
EndProject
Global
	GlobalSection(SolutionConfigurationPlatforms) = preSolution
		Debug|Any CPU = Debug|Any CPU
		Release|Any CPU = Release|Any CPU
	EndGlobalSection
	GlobalSection(ProjectConfigurationPlatforms) = postSolution
		{EB585304-97A3-4D09-A032-7EDDF5D3A0BD}.Debug|Any CPU.ActiveCfg = Debug|Any CPU
		{EB585304-97A3-4D09-A032-7EDDF5D3A0BD}.Debug|Any CPU.Build.0 = Debug|Any CPU
		{EB585304-97A3-4D09-A032-7EDDF5D3A0BD}.Release|Any CPU.ActiveCfg = Release|Any CPU
		{EB585304-97A3-4D09-A032-7EDDF5D3A0BD}.Release|Any CPU.Build.0 = Release|Any CPU
	EndGlobalSection
	GlobalSection(SolutionProperties) = preSolution
		HideSolutionNode = FALSE
	EndGlobalSection
	GlobalSection(ExtensibilityGlobals) = postSolution
		SolutionGuid = {85C7945E-8A33-4953-8FF4-8DCD98F0B067}
	EndGlobalSection
EndGlobal
