
Microsoft Visual Studio Solution File, Format Version 12.00
# Visual Studio Version 17
VisualStudioVersion = 17.9.34701.34
MinimumVisualStudioVersion = 10.0.40219.1
Project("{9A19103F-16F7-4668-BE54-9A1E7A4F7556}") = "1_TypesAndVeriables", "1_TypesAndVeriables\1_TypesAndVeriables.csproj", "{234B90F6-06B2-4238-B16B-E2EBA2EF0CF9}"
EndProject
Project("{9A19103F-16F7-4668-BE54-9A1E7A4F7556}") = "2_Conditionals_SartBloklari", "2_Conditionals_SartBloklari\2_Conditionals_SartBloklari.csproj", "{71CCDCE9-3388-4854-A943-BCBCF3CE7B16}"
EndProject
Project("{9A19103F-16F7-4668-BE54-9A1E7A4F7556}") = "3_Methods", "3_Methods\3_Methods.csproj", "{789B0AA0-59F7-42F9-968D-8F8B2BC9BC12}"
EndProject
Project("{9A19103F-16F7-4668-BE54-9A1E7A4F7556}") = "4_Arrays", "4_Arrays\4_Arrays.csproj", "{02BAB79C-CDAF-4063-9FE6-1241277B7297}"
EndProject
Project("{9A19103F-16F7-4668-BE54-9A1E7A4F7556}") = "5_Loops(Donguler)", "5_Loops(Donguler)\5_Loops(Donguler).csproj", "{58247432-67B5-48D1-BDA5-E634E491EB5C}"
EndProject
Project("{9A19103F-16F7-4668-BE54-9A1E7A4F7556}") = "6_AsalSayiOrnegi", "6_AsalSayiOrnegi\6_AsalSayiOrnegi.csproj", "{799A4656-184E-4B8B-9F75-6EAFD16DF8C2}"
EndProject
Project("{9A19103F-16F7-4668-BE54-9A1E7A4F7556}") = "7_Strings", "7_Strings\7_Strings.csproj", "{86DAE2A2-CEA1-4052-A875-B25F3AC71CAA}"
EndProject
Project("{9A19103F-16F7-4668-BE54-9A1E7A4F7556}") = "8_Classes", "8_Classes\8_Classes.csproj", "{27111EEF-B6A5-45C3-8CC7-79F61B9F23F0}"
EndProject
Project("{9A19103F-16F7-4668-BE54-9A1E7A4F7556}") = "9_Interfaces", "9_Interfaces\9_Interfaces.csproj", "{ED0744F1-39A7-4CC5-891F-A53C52C1ED3B}"
EndProject
Project("{9A19103F-16F7-4668-BE54-9A1E7A4F7556}") = "RecapDemo1", "RecapDemo1\RecapDemo1.csproj", "{18221F32-DAC6-4189-8727-43280C0DC785}"
EndProject
Project("{9A19103F-16F7-4668-BE54-9A1E7A4F7556}") = "InterfacesDemo", "InterfacesDemo\InterfacesDemo.csproj", "{1199F669-7B37-4A80-9E14-52484B267505}"
EndProject
Project("{9A19103F-16F7-4668-BE54-9A1E7A4F7556}") = "Inheritance_Kalitim", "Inheritance_Kalitim\Inheritance_Kalitim.csproj", "{A5ABBA07-9709-41EA-93E8-A44EFFCDEC71}"
EndProject
Project("{9A19103F-16F7-4668-BE54-9A1E7A4F7556}") = "ReferenceTypes", "ReferenceTypes\ReferenceTypes.csproj", "{20AE6FBD-5611-48FC-B0C6-9650A80AF3AD}"
EndProject
Project("{FAE04EC0-301F-11D3-BF4B-00C04F79EFBC}") = "Constructor", "Constructor\Constructor.csproj", "{0C984648-8A9C-4795-865F-1D5DA9B51AFF}"
EndProject
Global
	GlobalSection(SolutionConfigurationPlatforms) = preSolution
		Debug|Any CPU = Debug|Any CPU
		Release|Any CPU = Release|Any CPU
	EndGlobalSection
	GlobalSection(ProjectConfigurationPlatforms) = postSolution
		{234B90F6-06B2-4238-B16B-E2EBA2EF0CF9}.Debug|Any CPU.ActiveCfg = Debug|Any CPU
		{234B90F6-06B2-4238-B16B-E2EBA2EF0CF9}.Debug|Any CPU.Build.0 = Debug|Any CPU
		{234B90F6-06B2-4238-B16B-E2EBA2EF0CF9}.Release|Any CPU.ActiveCfg = Release|Any CPU
		{234B90F6-06B2-4238-B16B-E2EBA2EF0CF9}.Release|Any CPU.Build.0 = Release|Any CPU
		{71CCDCE9-3388-4854-A943-BCBCF3CE7B16}.Debug|Any CPU.ActiveCfg = Debug|Any CPU
		{71CCDCE9-3388-4854-A943-BCBCF3CE7B16}.Debug|Any CPU.Build.0 = Debug|Any CPU
		{71CCDCE9-3388-4854-A943-BCBCF3CE7B16}.Release|Any CPU.ActiveCfg = Release|Any CPU
		{71CCDCE9-3388-4854-A943-BCBCF3CE7B16}.Release|Any CPU.Build.0 = Release|Any CPU
		{789B0AA0-59F7-42F9-968D-8F8B2BC9BC12}.Debug|Any CPU.ActiveCfg = Debug|Any CPU
		{789B0AA0-59F7-42F9-968D-8F8B2BC9BC12}.Debug|Any CPU.Build.0 = Debug|Any CPU
		{789B0AA0-59F7-42F9-968D-8F8B2BC9BC12}.Release|Any CPU.ActiveCfg = Release|Any CPU
		{789B0AA0-59F7-42F9-968D-8F8B2BC9BC12}.Release|Any CPU.Build.0 = Release|Any CPU
		{02BAB79C-CDAF-4063-9FE6-1241277B7297}.Debug|Any CPU.ActiveCfg = Debug|Any CPU
		{02BAB79C-CDAF-4063-9FE6-1241277B7297}.Debug|Any CPU.Build.0 = Debug|Any CPU
		{02BAB79C-CDAF-4063-9FE6-1241277B7297}.Release|Any CPU.ActiveCfg = Release|Any CPU
		{02BAB79C-CDAF-4063-9FE6-1241277B7297}.Release|Any CPU.Build.0 = Release|Any CPU
		{58247432-67B5-48D1-BDA5-E634E491EB5C}.Debug|Any CPU.ActiveCfg = Debug|Any CPU
		{58247432-67B5-48D1-BDA5-E634E491EB5C}.Debug|Any CPU.Build.0 = Debug|Any CPU
		{58247432-67B5-48D1-BDA5-E634E491EB5C}.Release|Any CPU.ActiveCfg = Release|Any CPU
		{58247432-67B5-48D1-BDA5-E634E491EB5C}.Release|Any CPU.Build.0 = Release|Any CPU
		{799A4656-184E-4B8B-9F75-6EAFD16DF8C2}.Debug|Any CPU.ActiveCfg = Debug|Any CPU
		{799A4656-184E-4B8B-9F75-6EAFD16DF8C2}.Debug|Any CPU.Build.0 = Debug|Any CPU
		{799A4656-184E-4B8B-9F75-6EAFD16DF8C2}.Release|Any CPU.ActiveCfg = Release|Any CPU
		{799A4656-184E-4B8B-9F75-6EAFD16DF8C2}.Release|Any CPU.Build.0 = Release|Any CPU
		{86DAE2A2-CEA1-4052-A875-B25F3AC71CAA}.Debug|Any CPU.ActiveCfg = Debug|Any CPU
		{86DAE2A2-CEA1-4052-A875-B25F3AC71CAA}.Debug|Any CPU.Build.0 = Debug|Any CPU
		{86DAE2A2-CEA1-4052-A875-B25F3AC71CAA}.Release|Any CPU.ActiveCfg = Release|Any CPU
		{86DAE2A2-CEA1-4052-A875-B25F3AC71CAA}.Release|Any CPU.Build.0 = Release|Any CPU
		{27111EEF-B6A5-45C3-8CC7-79F61B9F23F0}.Debug|Any CPU.ActiveCfg = Debug|Any CPU
		{27111EEF-B6A5-45C3-8CC7-79F61B9F23F0}.Debug|Any CPU.Build.0 = Debug|Any CPU
		{27111EEF-B6A5-45C3-8CC7-79F61B9F23F0}.Release|Any CPU.ActiveCfg = Release|Any CPU
		{27111EEF-B6A5-45C3-8CC7-79F61B9F23F0}.Release|Any CPU.Build.0 = Release|Any CPU
		{ED0744F1-39A7-4CC5-891F-A53C52C1ED3B}.Debug|Any CPU.ActiveCfg = Debug|Any CPU
		{ED0744F1-39A7-4CC5-891F-A53C52C1ED3B}.Debug|Any CPU.Build.0 = Debug|Any CPU
		{ED0744F1-39A7-4CC5-891F-A53C52C1ED3B}.Release|Any CPU.ActiveCfg = Release|Any CPU
		{ED0744F1-39A7-4CC5-891F-A53C52C1ED3B}.Release|Any CPU.Build.0 = Release|Any CPU
		{18221F32-DAC6-4189-8727-43280C0DC785}.Debug|Any CPU.ActiveCfg = Debug|Any CPU
		{18221F32-DAC6-4189-8727-43280C0DC785}.Debug|Any CPU.Build.0 = Debug|Any CPU
		{18221F32-DAC6-4189-8727-43280C0DC785}.Release|Any CPU.ActiveCfg = Release|Any CPU
		{18221F32-DAC6-4189-8727-43280C0DC785}.Release|Any CPU.Build.0 = Release|Any CPU
		{1199F669-7B37-4A80-9E14-52484B267505}.Debug|Any CPU.ActiveCfg = Debug|Any CPU
		{1199F669-7B37-4A80-9E14-52484B267505}.Debug|Any CPU.Build.0 = Debug|Any CPU
		{1199F669-7B37-4A80-9E14-52484B267505}.Release|Any CPU.ActiveCfg = Release|Any CPU
		{1199F669-7B37-4A80-9E14-52484B267505}.Release|Any CPU.Build.0 = Release|Any CPU
		{A5ABBA07-9709-41EA-93E8-A44EFFCDEC71}.Debug|Any CPU.ActiveCfg = Debug|Any CPU
		{A5ABBA07-9709-41EA-93E8-A44EFFCDEC71}.Debug|Any CPU.Build.0 = Debug|Any CPU
		{A5ABBA07-9709-41EA-93E8-A44EFFCDEC71}.Release|Any CPU.ActiveCfg = Release|Any CPU
		{A5ABBA07-9709-41EA-93E8-A44EFFCDEC71}.Release|Any CPU.Build.0 = Release|Any CPU
		{20AE6FBD-5611-48FC-B0C6-9650A80AF3AD}.Debug|Any CPU.ActiveCfg = Debug|Any CPU
		{20AE6FBD-5611-48FC-B0C6-9650A80AF3AD}.Debug|Any CPU.Build.0 = Debug|Any CPU
		{20AE6FBD-5611-48FC-B0C6-9650A80AF3AD}.Release|Any CPU.ActiveCfg = Release|Any CPU
		{20AE6FBD-5611-48FC-B0C6-9650A80AF3AD}.Release|Any CPU.Build.0 = Release|Any CPU
		{0C984648-8A9C-4795-865F-1D5DA9B51AFF}.Debug|Any CPU.ActiveCfg = Debug|Any CPU
		{0C984648-8A9C-4795-865F-1D5DA9B51AFF}.Debug|Any CPU.Build.0 = Debug|Any CPU
		{0C984648-8A9C-4795-865F-1D5DA9B51AFF}.Release|Any CPU.ActiveCfg = Release|Any CPU
		{0C984648-8A9C-4795-865F-1D5DA9B51AFF}.Release|Any CPU.Build.0 = Release|Any CPU
	EndGlobalSection
	GlobalSection(SolutionProperties) = preSolution
		HideSolutionNode = FALSE
	EndGlobalSection
	GlobalSection(ExtensibilityGlobals) = postSolution
		SolutionGuid = {9E1DF096-3E8A-4980-B7A9-1A359518A6B5}
	EndGlobalSection
EndGlobal
